
Microsoft Visual Studio Solution File, Format Version 12.00
# Visual Studio 15
VisualStudioVersion = 15.0.27004.2002
MinimumVisualStudioVersion = 10.0.40219.1
Project("{FAE04EC0-301F-11D3-BF4B-00C04F79EFBC}") = "Kohctpyktop", "Kohctpyktop\Kohctpyktop.csproj", "{6DE1F1AE-34D9-4C6B-89B7-DF88EFC9E43C}"
EndProject
Global
	GlobalSection(SolutionConfigurationPlatforms) = preSolution
		Debug|Any CPU = Debug|Any CPU
		Release|Any CPU = Release|Any CPU
	EndGlobalSection
	GlobalSection(ProjectConfigurationPlatforms) = postSolution
		{6DE1F1AE-34D9-4C6B-89B7-DF88EFC9E43C}.Debug|Any CPU.ActiveCfg = Debug|Any CPU
		{6DE1F1AE-34D9-4C6B-89B7-DF88EFC9E43C}.Debug|Any CPU.Build.0 = Debug|Any CPU
		{6DE1F1AE-34D9-4C6B-89B7-DF88EFC9E43C}.Release|Any CPU.ActiveCfg = Release|Any CPU
		{6DE1F1AE-34D9-4C6B-89B7-DF88EFC9E43C}.Release|Any CPU.Build.0 = Release|Any CPU
	EndGlobalSection
	GlobalSection(SolutionProperties) = preSolution
		HideSolutionNode = FALSE
	EndGlobalSection
	GlobalSection(ExtensibilityGlobals) = postSolution
		SolutionGuid = {FEBBCEC4-6C5C-4116-81F8-AEBBAD2AD529}
	EndGlobalSection
EndGlobal
